# This file is autogenerated, do not edit; changes may be undone by the next 'dep ensure'.


[[projects]]
  branch = "master"
  name = "github.com/joaosoft/go-error"
  packages = ["app"]
  revision = "140491fc9e31cf3f490dab432c8b8ac4ea3d315e"

[[projects]]
  branch = "master"
  name = "github.com/joaosoft/go-log"
  packages = ["app"]
  revision = "275a0f1880593536bf6a49209114efdef4a4c75c"

[[projects]]
  branch = "master"
  name = "github.com/joaosoft/go-writer"
  packages = ["app"]
  revision = "791f32ceaea26e070eb198a04669b056558a1c2c"

[[projects]]
  name = "github.com/labstack/gommon"
  packages = ["color","log"]
  revision = "588f4e8bddc6cb45c27b448e925c7fd6a5545434"
  version = "0.2.5"

[[projects]]
  name = "github.com/mattn/go-colorable"
  packages = ["."]
  revision = "167de6bfdfba052fa6b2d3664c8f5272e23c9072"
  version = "v0.0.9"

[[projects]]
  name = "github.com/mattn/go-isatty"
  packages = ["."]
  revision = "0360b2af4f38e8d38c7fce2a9f4e702702d73a39"
  version = "v0.0.3"

[[projects]]
  name = "github.com/satori/go.uuid"
  packages = ["."]
  revision = "f58768cc1a7a7e77a3bd49e98cdd21419399b6a3"
  version = "v1.2.0"

[[projects]]
  branch = "master"
  name = "github.com/valyala/bytebufferpool"
  packages = ["."]
  revision = "e746df99fe4a3986f4d4f79e13c1e0117ce9c2f7"

[[projects]]
  branch = "master"
  name = "github.com/valyala/fasttemplate"
  packages = ["."]
  revision = "dcecefd839c4193db0d35b88ec65b4c12d360ab0"

[[projects]]
  name = "gitlab.com/vredens/go-logger"
  packages = ["."]
  revision = "bf01ebed1e72b4d9ef17f56eb2ad1575f3dd2fd4"
  version = "v1.3.0"

[[projects]]
  branch = "master"
  name = "golang.org/x/sys"
  packages = ["unix"]
  revision = "78d5f264b493f125018180c204871ecf58a2dce1"

[solve-meta]
  analyzer-name = "dep"
  analyzer-version = 1
  inputs-digest = "184496b487424dc553e7b560120462ff385a8667076740b14a71aa66e274ba87"
  solver-name = "gps-cdcl"
  solver-version = 1
